// !$*UTF8*$!
{
	archiveVersion = 1;
	classes = {
	};
	objectVersion = 46;
	objects = {

/* Begin PBXBuildFile section */
		420745551A1C7ED200FFFD41 /* AppDelegate.swift in Sources */ = {isa = PBXBuildFile; fileRef = 420745541A1C7ED200FFFD41 /* AppDelegate.swift */; };
		420745581A1C7ED200FFFD41 /* Meeet_Up.xcdatamodeld in Sources */ = {isa = PBXBuildFile; fileRef = 420745561A1C7ED200FFFD41 /* Meeet_Up.xcdatamodeld */; };
		4207455A1A1C7ED200FFFD41 /* ViewController.swift in Sources */ = {isa = PBXBuildFile; fileRef = 420745591A1C7ED200FFFD41 /* ViewController.swift */; };
		4207455F1A1C7ED200FFFD41 /* Images.xcassets in Resources */ = {isa = PBXBuildFile; fileRef = 4207455E1A1C7ED200FFFD41 /* Images.xcassets */; };
		420745621A1C7ED200FFFD41 /* LaunchScreen.xib in Resources */ = {isa = PBXBuildFile; fileRef = 420745601A1C7ED200FFFD41 /* LaunchScreen.xib */; };
		4207456E1A1C7ED200FFFD41 /* Meeet_UpTests.swift in Sources */ = {isa = PBXBuildFile; fileRef = 4207456D1A1C7ED200FFFD41 /* Meeet_UpTests.swift */; };
		420745781A1C7F0200FFFD41 /* Main.storyboard in Resources */ = {isa = PBXBuildFile; fileRef = 420745771A1C7F0200FFFD41 /* Main.storyboard */; };
		4207457E1A1C7F1F00FFFD41 /* ChatsViewController.swift in Sources */ = {isa = PBXBuildFile; fileRef = 420745791A1C7F1F00FFFD41 /* ChatsViewController.swift */; };
		4207457F1A1C7F1F00FFFD41 /* LoginViewController.swift in Sources */ = {isa = PBXBuildFile; fileRef = 4207457A1A1C7F1F00FFFD41 /* LoginViewController.swift */; };
		420745801A1C7F1F00FFFD41 /* PeopleViewController.swift in Sources */ = {isa = PBXBuildFile; fileRef = 4207457B1A1C7F1F00FFFD41 /* PeopleViewController.swift */; };
		420745811A1C7F1F00FFFD41 /* PostViewController.swift in Sources */ = {isa = PBXBuildFile; fileRef = 4207457C1A1C7F1F00FFFD41 /* PostViewController.swift */; };
		420745821A1C7F1F00FFFD41 /* SelfViewController.swift in Sources */ = {isa = PBXBuildFile; fileRef = 4207457D1A1C7F1F00FFFD41 /* SelfViewController.swift */; };
		420745841A1C7F6200FFFD41 /* CoreLocation.framework in Frameworks */ = {isa = PBXBuildFile; fileRef = 420745831A1C7F6200FFFD41 /* CoreLocation.framework */; };
		420745881A1C7FB500FFFD41 /* Bolts.framework in Frameworks */ = {isa = PBXBuildFile; fileRef = 420745851A1C7FB500FFFD41 /* Bolts.framework */; };
		420745891A1C7FB500FFFD41 /* FacebookSDK.framework in Frameworks */ = {isa = PBXBuildFile; fileRef = 420745861A1C7FB500FFFD41 /* FacebookSDK.framework */; };
		4207458A1A1C7FB500FFFD41 /* FBAudienceNetwork.framework in Frameworks */ = {isa = PBXBuildFile; fileRef = 420745871A1C7FB500FFFD41 /* FBAudienceNetwork.framework */; };
		4207458E1A1C7FCB00FFFD41 /* Reachability.m in Sources */ = {isa = PBXBuildFile; fileRef = 4207458D1A1C7FCB00FFFD41 /* Reachability.m */; settings = {COMPILER_FLAGS = "-fno-objc-arc"; }; };
		428642FE1A24F527009D3974 /* 2.pic_hd.jpg in Resources */ = {isa = PBXBuildFile; fileRef = 428642FD1A24F527009D3974 /* 2.pic_hd.jpg */; };
		428643001A24F712009D3974 /* content.plist in Resources */ = {isa = PBXBuildFile; fileRef = 428642FF1A24F712009D3974 /* content.plist */; };
		428643021A24FC07009D3974 /* post.xib in Resources */ = {isa = PBXBuildFile; fileRef = 428643011A24FC07009D3974 /* post.xib */; };
/* End PBXBuildFile section */

/* Begin PBXContainerItemProxy section */
		420745681A1C7ED200FFFD41 /* PBXContainerItemProxy */ = {
			isa = PBXContainerItemProxy;
			containerPortal = 420745471A1C7ED200FFFD41 /* Project object */;
			proxyType = 1;
			remoteGlobalIDString = 4207454E1A1C7ED200FFFD41;
			remoteInfo = "Meeet Up";
		};
/* End PBXContainerItemProxy section */

/* Begin PBXFileReference section */
		4207454F1A1C7ED200FFFD41 /* Meeet Up.app */ = {isa = PBXFileReference; explicitFileType = wrapper.application; includeInIndex = 0; path = "Meeet Up.app"; sourceTree = BUILT_PRODUCTS_DIR; };
		420745531A1C7ED200FFFD41 /* Info.plist */ = {isa = PBXFileReference; lastKnownFileType = text.plist.xml; path = Info.plist; sourceTree = "<group>"; };
		420745541A1C7ED200FFFD41 /* AppDelegate.swift */ = {isa = PBXFileReference; lastKnownFileType = sourcecode.swift; path = AppDelegate.swift; sourceTree = "<group>"; };
		420745571A1C7ED200FFFD41 /* Meeet_Up.xcdatamodel */ = {isa = PBXFileReference; lastKnownFileType = wrapper.xcdatamodel; path = Meeet_Up.xcdatamodel; sourceTree = "<group>"; };
		420745591A1C7ED200FFFD41 /* ViewController.swift */ = {isa = PBXFileReference; lastKnownFileType = sourcecode.swift; path = ViewController.swift; sourceTree = "<group>"; };
		4207455E1A1C7ED200FFFD41 /* Images.xcassets */ = {isa = PBXFileReference; lastKnownFileType = folder.assetcatalog; path = Images.xcassets; sourceTree = "<group>"; };
		420745611A1C7ED200FFFD41 /* Base */ = {isa = PBXFileReference; lastKnownFileType = file.xib; name = Base; path = Base.lproj/LaunchScreen.xib; sourceTree = "<group>"; };
		420745671A1C7ED200FFFD41 /* Meeet UpTests.xctest */ = {isa = PBXFileReference; explicitFileType = wrapper.cfbundle; includeInIndex = 0; path = "Meeet UpTests.xctest"; sourceTree = BUILT_PRODUCTS_DIR; };
		4207456C1A1C7ED200FFFD41 /* Info.plist */ = {isa = PBXFileReference; lastKnownFileType = text.plist.xml; path = Info.plist; sourceTree = "<group>"; };
		4207456D1A1C7ED200FFFD41 /* Meeet_UpTests.swift */ = {isa = PBXFileReference; lastKnownFileType = sourcecode.swift; path = Meeet_UpTests.swift; sourceTree = "<group>"; };
		420745771A1C7F0200FFFD41 /* Main.storyboard */ = {isa = PBXFileReference; fileEncoding = 4; lastKnownFileType = file.storyboard; path = Main.storyboard; sourceTree = "<group>"; };
		420745791A1C7F1F00FFFD41 /* ChatsViewController.swift */ = {isa = PBXFileReference; fileEncoding = 4; lastKnownFileType = sourcecode.swift; path = ChatsViewController.swift; sourceTree = "<group>"; };
		4207457A1A1C7F1F00FFFD41 /* LoginViewController.swift */ = {isa = PBXFileReference; fileEncoding = 4; lastKnownFileType = sourcecode.swift; path = LoginViewController.swift; sourceTree = "<group>"; };
		4207457B1A1C7F1F00FFFD41 /* PeopleViewController.swift */ = {isa = PBXFileReference; fileEncoding = 4; lastKnownFileType = sourcecode.swift; path = PeopleViewController.swift; sourceTree = "<group>"; };
		4207457C1A1C7F1F00FFFD41 /* PostViewController.swift */ = {isa = PBXFileReference; fileEncoding = 4; lastKnownFileType = sourcecode.swift; path = PostViewController.swift; sourceTree = "<group>"; };
		4207457D1A1C7F1F00FFFD41 /* SelfViewController.swift */ = {isa = PBXFileReference; fileEncoding = 4; lastKnownFileType = sourcecode.swift; path = SelfViewController.swift; sourceTree = "<group>"; };
		420745831A1C7F6200FFFD41 /* CoreLocation.framework */ = {isa = PBXFileReference; lastKnownFileType = wrapper.framework; name = CoreLocation.framework; path = System/Library/Frameworks/CoreLocation.framework; sourceTree = SDKROOT; };
		420745851A1C7FB500FFFD41 /* Bolts.framework */ = {isa = PBXFileReference; lastKnownFileType = wrapper.framework; path = Bolts.framework; sourceTree = "<group>"; };
		420745861A1C7FB500FFFD41 /* FacebookSDK.framework */ = {isa = PBXFileReference; lastKnownFileType = wrapper.framework; path = FacebookSDK.framework; sourceTree = "<group>"; };
		420745871A1C7FB500FFFD41 /* FBAudienceNetwork.framework */ = {isa = PBXFileReference; lastKnownFileType = wrapper.framework; path = FBAudienceNetwork.framework; sourceTree = "<group>"; };
		4207458B1A1C7FCA00FFFD41 /* Meeet Up-Bridging-Header.h */ = {isa = PBXFileReference; lastKnownFileType = sourcecode.c.h; path = "Meeet Up-Bridging-Header.h"; sourceTree = "<group>"; };
		4207458C1A1C7FCB00FFFD41 /* Reachability.h */ = {isa = PBXFileReference; fileEncoding = 4; lastKnownFileType = sourcecode.c.h; path = Reachability.h; sourceTree = "<group>"; };
		4207458D1A1C7FCB00FFFD41 /* Reachability.m */ = {isa = PBXFileReference; fileEncoding = 4; lastKnownFileType = sourcecode.c.objc; path = Reachability.m; sourceTree = "<group>"; };
		428642FD1A24F527009D3974 /* 2.pic_hd.jpg */ = {isa = PBXFileReference; lastKnownFileType = image.jpeg; path = 2.pic_hd.jpg; sourceTree = "<group>"; };
		428642FF1A24F712009D3974 /* content.plist */ = {isa = PBXFileReference; fileEncoding = 4; lastKnownFileType = text.plist.xml; path = content.plist; sourceTree = "<group>"; };
		428643011A24FC07009D3974 /* post.xib */ = {isa = PBXFileReference; fileEncoding = 4; lastKnownFileType = file.xib; path = post.xib; sourceTree = "<group>"; };
/* End PBXFileReference section */

/* Begin PBXFrameworksBuildPhase section */
		4207454C1A1C7ED200FFFD41 /* Frameworks */ = {
			isa = PBXFrameworksBuildPhase;
			buildActionMask = 2147483647;
			files = (
				420745841A1C7F6200FFFD41 /* CoreLocation.framework in Frameworks */,
				420745881A1C7FB500FFFD41 /* Bolts.framework in Frameworks */,
				420745891A1C7FB500FFFD41 /* FacebookSDK.framework in Frameworks */,
				4207458A1A1C7FB500FFFD41 /* FBAudienceNetwork.framework in Frameworks */,
			);
			runOnlyForDeploymentPostprocessing = 0;
		};
		420745641A1C7ED200FFFD41 /* Frameworks */ = {
			isa = PBXFrameworksBuildPhase;
			buildActionMask = 2147483647;
			files = (
			);
			runOnlyForDeploymentPostprocessing = 0;
		};
/* End PBXFrameworksBuildPhase section */

/* Begin PBXGroup section */
		420745461A1C7ED200FFFD41 = {
			isa = PBXGroup;
			children = (
				420745851A1C7FB500FFFD41 /* Bolts.framework */,
				420745861A1C7FB500FFFD41 /* FacebookSDK.framework */,
				420745871A1C7FB500FFFD41 /* FBAudienceNetwork.framework */,
				420745831A1C7F6200FFFD41 /* CoreLocation.framework */,
				420745511A1C7ED200FFFD41 /* Meeet Up */,
				4207456A1A1C7ED200FFFD41 /* Meeet UpTests */,
				420745501A1C7ED200FFFD41 /* Products */,
			);
			sourceTree = "<group>";
		};
		420745501A1C7ED200FFFD41 /* Products */ = {
			isa = PBXGroup;
			children = (
				4207454F1A1C7ED200FFFD41 /* Meeet Up.app */,
				420745671A1C7ED200FFFD41 /* Meeet UpTests.xctest */,
			);
			name = Products;
			sourceTree = "<group>";
		};
		420745511A1C7ED200FFFD41 /* Meeet Up */ = {
			isa = PBXGroup;
			children = (
				420745541A1C7ED200FFFD41 /* AppDelegate.swift */,
				420745591A1C7ED200FFFD41 /* ViewController.swift */,
				420745791A1C7F1F00FFFD41 /* ChatsViewController.swift */,
				4207457A1A1C7F1F00FFFD41 /* LoginViewController.swift */,
				4207457B1A1C7F1F00FFFD41 /* PeopleViewController.swift */,
				4207457C1A1C7F1F00FFFD41 /* PostViewController.swift */,
				4207457D1A1C7F1F00FFFD41 /* SelfViewController.swift */,
				428642FF1A24F712009D3974 /* content.plist */,
				4207455E1A1C7ED200FFFD41 /* Images.xcassets */,
				420745601A1C7ED200FFFD41 /* LaunchScreen.xib */,
				420745771A1C7F0200FFFD41 /* Main.storyboard */,
				428643011A24FC07009D3974 /* post.xib */,
				428642FD1A24F527009D3974 /* 2.pic_hd.jpg */,
				420745561A1C7ED200FFFD41 /* Meeet_Up.xcdatamodeld */,
				4207458C1A1C7FCB00FFFD41 /* Reachability.h */,
				4207458D1A1C7FCB00FFFD41 /* Reachability.m */,
				420745521A1C7ED200FFFD41 /* Supporting Files */,
				4207458B1A1C7FCA00FFFD41 /* Meeet Up-Bridging-Header.h */,
			);
			path = "Meeet Up";
			sourceTree = "<group>";
		};
		420745521A1C7ED200FFFD41 /* Supporting Files */ = {
			isa = PBXGroup;
			children = (
				420745531A1C7ED200FFFD41 /* Info.plist */,
			);
			name = "Supporting Files";
			sourceTree = "<group>";
		};
		4207456A1A1C7ED200FFFD41 /* Meeet UpTests */ = {
			isa = PBXGroup;
			children = (
				4207456D1A1C7ED200FFFD41 /* Meeet_UpTests.swift */,
				4207456B1A1C7ED200FFFD41 /* Supporting Files */,
			);
			path = "Meeet UpTests";
			sourceTree = "<group>";
		};
		4207456B1A1C7ED200FFFD41 /* Supporting Files */ = {
			isa = PBXGroup;
			children = (
				4207456C1A1C7ED200FFFD41 /* Info.plist */,
			);
			name = "Supporting Files";
			sourceTree = "<group>";
		};
/* End PBXGroup section */

/* Begin PBXNativeTarget section */
		4207454E1A1C7ED200FFFD41 /* Meeet Up */ = {
			isa = PBXNativeTarget;
			buildConfigurationList = 420745711A1C7ED200FFFD41 /* Build configuration list for PBXNativeTarget "Meeet Up" */;
			buildPhases = (
				4207454B1A1C7ED200FFFD41 /* Sources */,
				4207454C1A1C7ED200FFFD41 /* Frameworks */,
				4207454D1A1C7ED200FFFD41 /* Resources */,
			);
			buildRules = (
			);
			dependencies = (
			);
			name = "Meeet Up";
			productName = "Meeet Up";
			productReference = 4207454F1A1C7ED200FFFD41 /* Meeet Up.app */;
			productType = "com.apple.product-type.application";
		};
		420745661A1C7ED200FFFD41 /* Meeet UpTests */ = {
			isa = PBXNativeTarget;
			buildConfigurationList = 420745741A1C7ED200FFFD41 /* Build configuration list for PBXNativeTarget "Meeet UpTests" */;
			buildPhases = (
				420745631A1C7ED200FFFD41 /* Sources */,
				420745641A1C7ED200FFFD41 /* Frameworks */,
				420745651A1C7ED200FFFD41 /* Resources */,
			);
			buildRules = (
			);
			dependencies = (
				420745691A1C7ED200FFFD41 /* PBXTargetDependency */,
			);
			name = "Meeet UpTests";
			productName = "Meeet UpTests";
			productReference = 420745671A1C7ED200FFFD41 /* Meeet UpTests.xctest */;
			productType = "com.apple.product-type.bundle.unit-test";
		};
/* End PBXNativeTarget section */

/* Begin PBXProject section */
		420745471A1C7ED200FFFD41 /* Project object */ = {
			isa = PBXProject;
			attributes = {
				LastUpgradeCheck = 0610;
				ORGANIZATIONNAME = "Kedan Li";
				TargetAttributes = {
					4207454E1A1C7ED200FFFD41 = {
						CreatedOnToolsVersion = 6.1.1;
					};
					420745661A1C7ED200FFFD41 = {
						CreatedOnToolsVersion = 6.1.1;
						TestTargetID = 4207454E1A1C7ED200FFFD41;
					};
				};
			};
			buildConfigurationList = 4207454A1A1C7ED200FFFD41 /* Build configuration list for PBXProject "Meeet Up" */;
			compatibilityVersion = "Xcode 3.2";
			developmentRegion = English;
			hasScannedForEncodings = 0;
			knownRegions = (
				en,
				Base,
			);
			mainGroup = 420745461A1C7ED200FFFD41;
			productRefGroup = 420745501A1C7ED200FFFD41 /* Products */;
			projectDirPath = "";
			projectRoot = "";
			targets = (
				4207454E1A1C7ED200FFFD41 /* Meeet Up */,
				420745661A1C7ED200FFFD41 /* Meeet UpTests */,
			);
		};
/* End PBXProject section */

/* Begin PBXResourcesBuildPhase section */
		4207454D1A1C7ED200FFFD41 /* Resources */ = {
			isa = PBXResourcesBuildPhase;
			buildActionMask = 2147483647;
			files = (
				420745781A1C7F0200FFFD41 /* Main.storyboard in Resources */,
				420745621A1C7ED200FFFD41 /* LaunchScreen.xib in Resources */,
				428642FE1A24F527009D3974 /* 2.pic_hd.jpg in Resources */,
				428643001A24F712009D3974 /* content.plist in Resources */,
				428643021A24FC07009D3974 /* post.xib in Resources */,
				4207455F1A1C7ED200FFFD41 /* Images.xcassets in Resources */,
			);
			runOnlyForDeploymentPostprocessing = 0;
		};
		420745651A1C7ED200FFFD41 /* Resources */ = {
			isa = PBXResourcesBuildPhase;
			buildActionMask = 2147483647;
			files = (
			);
			runOnlyForDeploymentPostprocessing = 0;
		};
/* End PBXResourcesBuildPhase section */

/* Begin PBXSourcesBuildPhase section */
		4207454B1A1C7ED200FFFD41 /* Sources */ = {
			isa = PBXSourcesBuildPhase;
			buildActionMask = 2147483647;
			files = (
				4207455A1A1C7ED200FFFD41 /* ViewController.swift in Sources */,
				420745551A1C7ED200FFFD41 /* AppDelegate.swift in Sources */,
				420745811A1C7F1F00FFFD41 /* PostViewController.swift in Sources */,
				4207457E1A1C7F1F00FFFD41 /* ChatsViewController.swift in Sources */,
				420745821A1C7F1F00FFFD41 /* SelfViewController.swift in Sources */,
				4207457F1A1C7F1F00FFFD41 /* LoginViewController.swift in Sources */,
				420745581A1C7ED200FFFD41 /* Meeet_Up.xcdatamodeld in Sources */,
				4207458E1A1C7FCB00FFFD41 /* Reachability.m in Sources */,
				420745801A1C7F1F00FFFD41 /* PeopleViewController.swift in Sources */,
			);
			runOnlyForDeploymentPostprocessing = 0;
		};
		420745631A1C7ED200FFFD41 /* Sources */ = {
			isa = PBXSourcesBuildPhase;
			buildActionMask = 2147483647;
			files = (
				4207456E1A1C7ED200FFFD41 /* Meeet_UpTests.swift in Sources */,
			);
			runOnlyForDeploymentPostprocessing = 0;
		};
/* End PBXSourcesBuildPhase section */

/* Begin PBXTargetDependency section */
		420745691A1C7ED200FFFD41 /* PBXTargetDependency */ = {
			isa = PBXTargetDependency;
			target = 4207454E1A1C7ED200FFFD41 /* Meeet Up */;
			targetProxy = 420745681A1C7ED200FFFD41 /* PBXContainerItemProxy */;
		};
/* End PBXTargetDependency section */

/* Begin PBXVariantGroup section */
		420745601A1C7ED200FFFD41 /* LaunchScreen.xib */ = {
			isa = PBXVariantGroup;
			children = (
				420745611A1C7ED200FFFD41 /* Base */,
			);
			name = LaunchScreen.xib;
			sourceTree = "<group>";
		};
/* End PBXVariantGroup section */

/* Begin XCBuildConfiguration section */
		4207456F1A1C7ED200FFFD41 /* Debug */ = {
			isa = XCBuildConfiguration;
			buildSettings = {
				ALWAYS_SEARCH_USER_PATHS = NO;
				CLANG_CXX_LANGUAGE_STANDARD = "gnu++0x";
				CLANG_CXX_LIBRARY = "libc++";
				CLANG_ENABLE_MODULES = YES;
				CLANG_ENABLE_OBJC_ARC = YES;
				CLANG_WARN_BOOL_CONVERSION = YES;
				CLANG_WARN_CONSTANT_CONVERSION = YES;
				CLANG_WARN_DIRECT_OBJC_ISA_USAGE = YES_ERROR;
				CLANG_WARN_EMPTY_BODY = YES;
				CLANG_WARN_ENUM_CONVERSION = YES;
				CLANG_WARN_INT_CONVERSION = YES;
				CLANG_WARN_OBJC_ROOT_CLASS = YES_ERROR;
				CLANG_WARN_UNREACHABLE_CODE = YES;
				CLANG_WARN__DUPLICATE_METHOD_MATCH = YES;
				"CODE_SIGN_IDENTITY[sdk=iphoneos*]" = "iPhone Developer";
				COPY_PHASE_STRIP = NO;
				ENABLE_STRICT_OBJC_MSGSEND = YES;
				GCC_C_LANGUAGE_STANDARD = gnu99;
				GCC_DYNAMIC_NO_PIC = NO;
				GCC_OPTIMIZATION_LEVEL = 0;
				GCC_PREPROCESSOR_DEFINITIONS = (
					"DEBUG=1",
					"$(inherited)",
				);
				GCC_SYMBOLS_PRIVATE_EXTERN = NO;
				GCC_WARN_64_TO_32_BIT_CONVERSION = YES;
				GCC_WARN_ABOUT_RETURN_TYPE = YES_ERROR;
				GCC_WARN_UNDECLARED_SELECTOR = YES;
				GCC_WARN_UNINITIALIZED_AUTOS = YES_AGGRESSIVE;
				GCC_WARN_UNUSED_FUNCTION = YES;
				GCC_WARN_UNUSED_VARIABLE = YES;
				IPHONEOS_DEPLOYMENT_TARGET = 8.1;
				MTL_ENABLE_DEBUG_INFO = YES;
				ONLY_ACTIVE_ARCH = YES;
				SDKROOT = iphoneos;
				SWIFT_OPTIMIZATION_LEVEL = "-Onone";
			};
			name = Debug;
		};
		420745701A1C7ED200FFFD41 /* Release */ = {
			isa = XCBuildConfiguration;
			buildSettings = {
				ALWAYS_SEARCH_USER_PATHS = NO;
				CLANG_CXX_LANGUAGE_STANDARD = "gnu++0x";
				CLANG_CXX_LIBRARY = "libc++";
				CLANG_ENABLE_MODULES = YES;
				CLANG_ENABLE_OBJC_ARC = YES;
				CLANG_WARN_BOOL_CONVERSION = YES;
				CLANG_WARN_CONSTANT_CONVERSION = YES;
				CLANG_WARN_DIRECT_OBJC_ISA_USAGE = YES_ERROR;
				CLANG_WARN_EMPTY_BODY = YES;
				CLANG_WARN_ENUM_CONVERSION = YES;
				CLANG_WARN_INT_CONVERSION = YES;
				CLANG_WARN_OBJC_ROOT_CLASS = YES_ERROR;
				CLANG_WARN_UNREACHABLE_CODE = YES;
				CLANG_WARN__DUPLICATE_METHOD_MATCH = YES;
				"CODE_SIGN_IDENTITY[sdk=iphoneos*]" = "iPhone Developer";
				COPY_PHASE_STRIP = YES;
				ENABLE_NS_ASSERTIONS = NO;
				ENABLE_STRICT_OBJC_MSGSEND = YES;
				GCC_C_LANGUAGE_STANDARD = gnu99;
				GCC_WARN_64_TO_32_BIT_CONVERSION = YES;
				GCC_WARN_ABOUT_RETURN_TYPE = YES_ERROR;
				GCC_WARN_UNDECLARED_SELECTOR = YES;
				GCC_WARN_UNINITIALIZED_AUTOS = YES_AGGRESSIVE;
				GCC_WARN_UNUSED_FUNCTION = YES;
				GCC_WARN_UNUSED_VARIABLE = YES;
				IPHONEOS_DEPLOYMENT_TARGET = 8.1;
				MTL_ENABLE_DEBUG_INFO = NO;
				SDKROOT = iphoneos;
				VALIDATE_PRODUCT = YES;
			};
			name = Release;
		};
		420745721A1C7ED200FFFD41 /* Debug */ = {
			isa = XCBuildConfiguration;
			buildSettings = {
				ASSETCATALOG_COMPILER_APPICON_NAME = AppIcon;
				CLANG_ENABLE_MODULES = YES;
				FRAMEWORK_SEARCH_PATHS = (
					"$(inherited)",
					"$(PROJECT_DIR)",
				);
				INFOPLIST_FILE = "Meeet Up/Info.plist";
				LD_RUNPATH_SEARCH_PATHS = "$(inherited) @executable_path/Frameworks";
				PRODUCT_NAME = "$(TARGET_NAME)";
				SWIFT_OBJC_BRIDGING_HEADER = "Meeet Up/Meeet Up-Bridging-Header.h";
				SWIFT_OPTIMIZATION_LEVEL = "-Onone";
			};
			name = Debug;
		};
		420745731A1C7ED200FFFD41 /* Release */ = {
			isa = XCBuildConfiguration;
			buildSettings = {
				ASSETCATALOG_COMPILER_APPICON_NAME = AppIcon;
				CLANG_ENABLE_MODULES = YES;
				FRAMEWORK_SEARCH_PATHS = (
					"$(inherited)",
					"$(PROJECT_DIR)",
				);
				INFOPLIST_FILE = "Meeet Up/Info.plist";
				LD_RUNPATH_SEARCH_PATHS = "$(inherited) @executable_path/Frameworks";
				PRODUCT_NAME = "$(TARGET_NAME)";
				SWIFT_OBJC_BRIDGING_HEADER = "Meeet Up/Meeet Up-Bridging-Header.h";
			};
			name = Release;
		};
		420745751A1C7ED200FFFD41 /* Debug */ = {
			isa = XCBuildConfiguration;
			buildSettings = {
				BUNDLE_LOADER = "$(TEST_HOST)";
				FRAMEWORK_SEARCH_PATHS = (
					"$(SDKROOT)/Developer/Library/Frameworks",
					"$(inherited)",
				);
				GCC_PREPROCESSOR_DEFINITIONS = (
					"DEBUG=1",
					"$(inherited)",
				);
				INFOPLIST_FILE = "Meeet UpTests/Info.plist";
				LD_RUNPATH_SEARCH_PATHS = "$(inherited) @executable_path/Frameworks @loader_path/Frameworks";
				PRODUCT_NAME = "$(TARGET_NAME)";
				TEST_HOST = "$(BUILT_PRODUCTS_DIR)/Meeet Up.app/Meeet Up";
			};
			name = Debug;
		};
		420745761A1C7ED200FFFD41 /* Release */ = {
			isa = XCBuildConfiguration;
			buildSettings = {
				BUNDLE_LOADER = "$(TEST_HOST)";
				FRAMEWORK_SEARCH_PATHS = (
					"$(SDKROOT)/Developer/Library/Frameworks",
					"$(inherited)",
				);
				INFOPLIST_FILE = "Meeet UpTests/Info.plist";
				LD_RUNPATH_SEARCH_PATHS = "$(inherited) @executable_path/Frameworks @loader_path/Frameworks";
				PRODUCT_NAME = "$(TARGET_NAME)";
				TEST_HOST = "$(BUILT_PRODUCTS_DIR)/Meeet Up.app/Meeet Up";
			};
			name = Release;
		};
/* End XCBuildConfiguration section */

/* Begin XCConfigurationList section */
		4207454A1A1C7ED200FFFD41 /* Build configuration list for PBXProject "Meeet Up" */ = {
			isa = XCConfigurationList;
			buildConfigurations = (
				4207456F1A1C7ED200FFFD41 /* Debug */,
				420745701A1C7ED200FFFD41 /* Release */,
			);
			defaultConfigurationIsVisible = 0;
			defaultConfigurationName = Release;
		};
		420745711A1C7ED200FFFD41 /* Build configuration list for PBXNativeTarget "Meeet Up" */ = {
			isa = XCConfigurationList;
			buildConfigurations = (
				420745721A1C7ED200FFFD41 /* Debug */,
				420745731A1C7ED200FFFD41 /* Release */,
			);
			defaultConfigurationIsVisible = 0;
			defaultConfigurationName = Release;
		};
		420745741A1C7ED200FFFD41 /* Build configuration list for PBXNativeTarget "Meeet UpTests" */ = {
			isa = XCConfigurationList;
			buildConfigurations = (
				420745751A1C7ED200FFFD41 /* Debug */,
				420745761A1C7ED200FFFD41 /* Release */,
			);
			defaultConfigurationIsVisible = 0;
			defaultConfigurationName = Release;
		};
/* End XCConfigurationList section */

/* Begin XCVersionGroup section */
		420745561A1C7ED200FFFD41 /* Meeet_Up.xcdatamodeld */ = {
			isa = XCVersionGroup;
			children = (
				420745571A1C7ED200FFFD41 /* Meeet_Up.xcdatamodel */,
			);
			currentVersion = 420745571A1C7ED200FFFD41 /* Meeet_Up.xcdatamodel */;
			path = Meeet_Up.xcdatamodeld;
			sourceTree = "<group>";
			versionGroupType = wrapper.xcdatamodel;
		};
/* End XCVersionGroup section */
	};
	rootObject = 420745471A1C7ED200FFFD41 /* Project object */;
}
