// !$*UTF8*$!
{
	archiveVersion = 1;
	classes = {
	};
	objectVersion = 46;
	objects = {

/* Begin PBXBuildFile section */
		4236494E1A1C6E8300CA6415 /* Bolts.framework in Frameworks */ = {isa = PBXBuildFile; fileRef = 4236494B1A1C6E8300CA6415 /* Bolts.framework */; };
		4236494F1A1C6E8300CA6415 /* FacebookSDK.framework in Frameworks */ = {isa = PBXBuildFile; fileRef = 4236494C1A1C6E8300CA6415 /* FacebookSDK.framework */; };
		423649501A1C6E8300CA6415 /* FBAudienceNetwork.framework in Frameworks */ = {isa = PBXBuildFile; fileRef = 4236494D1A1C6E8300CA6415 /* FBAudienceNetwork.framework */; };
		427F00051A1C6B5500E12809 /* CoreMotion.framework in Frameworks */ = {isa = PBXBuildFile; fileRef = 427F00041A1C6B5500E12809 /* CoreMotion.framework */; };
		427F000F1A1C6BD000E12809 /* libz.dylib in Frameworks */ = {isa = PBXBuildFile; fileRef = 427F000E1A1C6BD000E12809 /* libz.dylib */; };
		427FFFF71A1C6B0A00E12809 /* CoreData.framework in Frameworks */ = {isa = PBXBuildFile; fileRef = 427FFFF61A1C6B0A00E12809 /* CoreData.framework */; };
		42DD578F1A1C666900D79CF8 /* AppDelegate.swift in Sources */ = {isa = PBXBuildFile; fileRef = 42DD578E1A1C666900D79CF8 /* AppDelegate.swift */; };
		42DD57921A1C666900D79CF8 /* meet_up.xcdatamodeld in Sources */ = {isa = PBXBuildFile; fileRef = 42DD57901A1C666900D79CF8 /* meet_up.xcdatamodeld */; };
		42DD57941A1C666900D79CF8 /* ViewController.swift in Sources */ = {isa = PBXBuildFile; fileRef = 42DD57931A1C666900D79CF8 /* ViewController.swift */; };
		42DD57991A1C666900D79CF8 /* Images.xcassets in Resources */ = {isa = PBXBuildFile; fileRef = 42DD57981A1C666900D79CF8 /* Images.xcassets */; };
		42DD579C1A1C666900D79CF8 /* LaunchScreen.xib in Resources */ = {isa = PBXBuildFile; fileRef = 42DD579A1A1C666900D79CF8 /* LaunchScreen.xib */; };
		42DD57A81A1C666900D79CF8 /* meet_upTests.swift in Sources */ = {isa = PBXBuildFile; fileRef = 42DD57A71A1C666900D79CF8 /* meet_upTests.swift */; };
		42DD57B61A1C66D600D79CF8 /* ChatsViewController.swift in Sources */ = {isa = PBXBuildFile; fileRef = 42DD57B11A1C66D600D79CF8 /* ChatsViewController.swift */; };
		42DD57B71A1C66D600D79CF8 /* LoginViewController.swift in Sources */ = {isa = PBXBuildFile; fileRef = 42DD57B21A1C66D600D79CF8 /* LoginViewController.swift */; };
		42DD57B81A1C66D600D79CF8 /* PeopleViewController.swift in Sources */ = {isa = PBXBuildFile; fileRef = 42DD57B31A1C66D600D79CF8 /* PeopleViewController.swift */; };
		42DD57B91A1C66D600D79CF8 /* PostViewController.swift in Sources */ = {isa = PBXBuildFile; fileRef = 42DD57B41A1C66D600D79CF8 /* PostViewController.swift */; };
		42DD57BA1A1C66D600D79CF8 /* SelfViewController.swift in Sources */ = {isa = PBXBuildFile; fileRef = 42DD57B51A1C66D600D79CF8 /* SelfViewController.swift */; };
		42DD57BE1A1C66E900D79CF8 /* Reachability.m in Sources */ = {isa = PBXBuildFile; fileRef = 42DD57BD1A1C66E900D79CF8 /* Reachability.m */; settings = {COMPILER_FLAGS = "-fno-objc-arc"; }; };
		42DD57C01A1C676300D79CF8 /* Main.storyboard in Resources */ = {isa = PBXBuildFile; fileRef = 42DD57BF1A1C676300D79CF8 /* Main.storyboard */; };
		42DD57C21A1C67D700D79CF8 /* CoreLocation.framework in Frameworks */ = {isa = PBXBuildFile; fileRef = 42DD57C11A1C67D700D79CF8 /* CoreLocation.framework */; };
/* End PBXBuildFile section */

/* Begin PBXContainerItemProxy section */
		42DD57A21A1C666900D79CF8 /* PBXContainerItemProxy */ = {
			isa = PBXContainerItemProxy;
			containerPortal = 42DD57811A1C666900D79CF8 /* Project object */;
			proxyType = 1;
			remoteGlobalIDString = 42DD57881A1C666900D79CF8;
			remoteInfo = "meet up";
		};
/* End PBXContainerItemProxy section */

/* Begin PBXFileReference section */
		4236494B1A1C6E8300CA6415 /* Bolts.framework */ = {isa = PBXFileReference; lastKnownFileType = wrapper.framework; name = Bolts.framework; path = FacebookSDK/Bolts.framework; sourceTree = "<group>"; };
		4236494C1A1C6E8300CA6415 /* FacebookSDK.framework */ = {isa = PBXFileReference; lastKnownFileType = wrapper.framework; name = FacebookSDK.framework; path = FacebookSDK/FacebookSDK.framework; sourceTree = "<group>"; };
		4236494D1A1C6E8300CA6415 /* FBAudienceNetwork.framework */ = {isa = PBXFileReference; lastKnownFileType = wrapper.framework; name = FBAudienceNetwork.framework; path = FacebookSDK/FBAudienceNetwork/FBAudienceNetwork.framework; sourceTree = "<group>"; };
		427F00041A1C6B5500E12809 /* CoreMotion.framework */ = {isa = PBXFileReference; lastKnownFileType = wrapper.framework; name = CoreMotion.framework; path = System/Library/Frameworks/CoreMotion.framework; sourceTree = SDKROOT; };
		427F000E1A1C6BD000E12809 /* libz.dylib */ = {isa = PBXFileReference; lastKnownFileType = "compiled.mach-o.dylib"; name = libz.dylib; path = usr/lib/libz.dylib; sourceTree = SDKROOT; };
		427FFFF61A1C6B0A00E12809 /* CoreData.framework */ = {isa = PBXFileReference; lastKnownFileType = wrapper.framework; name = CoreData.framework; path = System/Library/Frameworks/CoreData.framework; sourceTree = SDKROOT; };
		42DD57891A1C666900D79CF8 /* meet up.app */ = {isa = PBXFileReference; explicitFileType = wrapper.application; includeInIndex = 0; path = "meet up.app"; sourceTree = BUILT_PRODUCTS_DIR; };
		42DD578D1A1C666900D79CF8 /* Info.plist */ = {isa = PBXFileReference; lastKnownFileType = text.plist.xml; path = Info.plist; sourceTree = "<group>"; };
		42DD578E1A1C666900D79CF8 /* AppDelegate.swift */ = {isa = PBXFileReference; lastKnownFileType = sourcecode.swift; path = AppDelegate.swift; sourceTree = "<group>"; };
		42DD57911A1C666900D79CF8 /* meet_up.xcdatamodel */ = {isa = PBXFileReference; lastKnownFileType = wrapper.xcdatamodel; path = meet_up.xcdatamodel; sourceTree = "<group>"; };
		42DD57931A1C666900D79CF8 /* ViewController.swift */ = {isa = PBXFileReference; lastKnownFileType = sourcecode.swift; path = ViewController.swift; sourceTree = "<group>"; };
		42DD57981A1C666900D79CF8 /* Images.xcassets */ = {isa = PBXFileReference; lastKnownFileType = folder.assetcatalog; path = Images.xcassets; sourceTree = "<group>"; };
		42DD579B1A1C666900D79CF8 /* Base */ = {isa = PBXFileReference; lastKnownFileType = file.xib; name = Base; path = Base.lproj/LaunchScreen.xib; sourceTree = "<group>"; };
		42DD57A11A1C666900D79CF8 /* meet upTests.xctest */ = {isa = PBXFileReference; explicitFileType = wrapper.cfbundle; includeInIndex = 0; path = "meet upTests.xctest"; sourceTree = BUILT_PRODUCTS_DIR; };
		42DD57A61A1C666900D79CF8 /* Info.plist */ = {isa = PBXFileReference; lastKnownFileType = text.plist.xml; path = Info.plist; sourceTree = "<group>"; };
		42DD57A71A1C666900D79CF8 /* meet_upTests.swift */ = {isa = PBXFileReference; lastKnownFileType = sourcecode.swift; path = meet_upTests.swift; sourceTree = "<group>"; };
		42DD57B11A1C66D600D79CF8 /* ChatsViewController.swift */ = {isa = PBXFileReference; fileEncoding = 4; lastKnownFileType = sourcecode.swift; path = ChatsViewController.swift; sourceTree = "<group>"; };
		42DD57B21A1C66D600D79CF8 /* LoginViewController.swift */ = {isa = PBXFileReference; fileEncoding = 4; lastKnownFileType = sourcecode.swift; path = LoginViewController.swift; sourceTree = "<group>"; };
		42DD57B31A1C66D600D79CF8 /* PeopleViewController.swift */ = {isa = PBXFileReference; fileEncoding = 4; lastKnownFileType = sourcecode.swift; path = PeopleViewController.swift; sourceTree = "<group>"; };
		42DD57B41A1C66D600D79CF8 /* PostViewController.swift */ = {isa = PBXFileReference; fileEncoding = 4; lastKnownFileType = sourcecode.swift; path = PostViewController.swift; sourceTree = "<group>"; };
		42DD57B51A1C66D600D79CF8 /* SelfViewController.swift */ = {isa = PBXFileReference; fileEncoding = 4; lastKnownFileType = sourcecode.swift; path = SelfViewController.swift; sourceTree = "<group>"; };
		42DD57BB1A1C66E800D79CF8 /* meet up-Bridging-Header.h */ = {isa = PBXFileReference; lastKnownFileType = sourcecode.c.h; path = "meet up-Bridging-Header.h"; sourceTree = "<group>"; };
		42DD57BC1A1C66E900D79CF8 /* Reachability.h */ = {isa = PBXFileReference; fileEncoding = 4; lastKnownFileType = sourcecode.c.h; name = Reachability.h; path = "../../Meeet Up/Meeet Up/Reachability/Reachability.h"; sourceTree = "<group>"; };
		42DD57BD1A1C66E900D79CF8 /* Reachability.m */ = {isa = PBXFileReference; fileEncoding = 4; lastKnownFileType = sourcecode.c.objc; name = Reachability.m; path = "../../Meeet Up/Meeet Up/Reachability/Reachability.m"; sourceTree = "<group>"; };
		42DD57BF1A1C676300D79CF8 /* Main.storyboard */ = {isa = PBXFileReference; fileEncoding = 4; lastKnownFileType = file.storyboard; path = Main.storyboard; sourceTree = "<group>"; };
		42DD57C11A1C67D700D79CF8 /* CoreLocation.framework */ = {isa = PBXFileReference; lastKnownFileType = wrapper.framework; name = CoreLocation.framework; path = System/Library/Frameworks/CoreLocation.framework; sourceTree = SDKROOT; };
/* End PBXFileReference section */

/* Begin PBXFrameworksBuildPhase section */
		42DD57861A1C666900D79CF8 /* Frameworks */ = {
			isa = PBXFrameworksBuildPhase;
			buildActionMask = 2147483647;
			files = (
				4236494E1A1C6E8300CA6415 /* Bolts.framework in Frameworks */,
				427F000F1A1C6BD000E12809 /* libz.dylib in Frameworks */,
				427F00051A1C6B5500E12809 /* CoreMotion.framework in Frameworks */,
				427FFFF71A1C6B0A00E12809 /* CoreData.framework in Frameworks */,
				42DD57C21A1C67D700D79CF8 /* CoreLocation.framework in Frameworks */,
				423649501A1C6E8300CA6415 /* FBAudienceNetwork.framework in Frameworks */,
				4236494F1A1C6E8300CA6415 /* FacebookSDK.framework in Frameworks */,
			);
			runOnlyForDeploymentPostprocessing = 0;
		};
		42DD579E1A1C666900D79CF8 /* Frameworks */ = {
			isa = PBXFrameworksBuildPhase;
			buildActionMask = 2147483647;
			files = (
			);
			runOnlyForDeploymentPostprocessing = 0;
		};
/* End PBXFrameworksBuildPhase section */

/* Begin PBXGroup section */
		42DD57801A1C666900D79CF8 = {
			isa = PBXGroup;
			children = (
				427F000E1A1C6BD000E12809 /* libz.dylib */,
				4236494B1A1C6E8300CA6415 /* Bolts.framework */,
				4236494C1A1C6E8300CA6415 /* FacebookSDK.framework */,
				4236494D1A1C6E8300CA6415 /* FBAudienceNetwork.framework */,
				427F00041A1C6B5500E12809 /* CoreMotion.framework */,
				427FFFF61A1C6B0A00E12809 /* CoreData.framework */,
				42DD57C11A1C67D700D79CF8 /* CoreLocation.framework */,
				42DD578B1A1C666900D79CF8 /* meet up */,
				42DD57A41A1C666900D79CF8 /* meet upTests */,
				42DD578A1A1C666900D79CF8 /* Products */,
			);
			sourceTree = "<group>";
		};
		42DD578A1A1C666900D79CF8 /* Products */ = {
			isa = PBXGroup;
			children = (
				42DD57891A1C666900D79CF8 /* meet up.app */,
				42DD57A11A1C666900D79CF8 /* meet upTests.xctest */,
			);
			name = Products;
			sourceTree = "<group>";
		};
		42DD578B1A1C666900D79CF8 /* meet up */ = {
			isa = PBXGroup;
			children = (
				42DD578E1A1C666900D79CF8 /* AppDelegate.swift */,
				42DD57931A1C666900D79CF8 /* ViewController.swift */,
				42DD57B11A1C66D600D79CF8 /* ChatsViewController.swift */,
				42DD57B21A1C66D600D79CF8 /* LoginViewController.swift */,
				42DD57B31A1C66D600D79CF8 /* PeopleViewController.swift */,
				42DD57B41A1C66D600D79CF8 /* PostViewController.swift */,
				42DD57B51A1C66D600D79CF8 /* SelfViewController.swift */,
				42DD57981A1C666900D79CF8 /* Images.xcassets */,
				42DD57BF1A1C676300D79CF8 /* Main.storyboard */,
				42DD579A1A1C666900D79CF8 /* LaunchScreen.xib */,
				42DD57BC1A1C66E900D79CF8 /* Reachability.h */,
				42DD57BD1A1C66E900D79CF8 /* Reachability.m */,
				42DD57901A1C666900D79CF8 /* meet_up.xcdatamodeld */,
				42DD578C1A1C666900D79CF8 /* Supporting Files */,
				42DD57BB1A1C66E800D79CF8 /* meet up-Bridging-Header.h */,
			);
			path = "meet up";
			sourceTree = "<group>";
		};
		42DD578C1A1C666900D79CF8 /* Supporting Files */ = {
			isa = PBXGroup;
			children = (
				42DD578D1A1C666900D79CF8 /* Info.plist */,
			);
			name = "Supporting Files";
			sourceTree = "<group>";
		};
		42DD57A41A1C666900D79CF8 /* meet upTests */ = {
			isa = PBXGroup;
			children = (
				42DD57A71A1C666900D79CF8 /* meet_upTests.swift */,
				42DD57A51A1C666900D79CF8 /* Supporting Files */,
			);
			path = "meet upTests";
			sourceTree = "<group>";
		};
		42DD57A51A1C666900D79CF8 /* Supporting Files */ = {
			isa = PBXGroup;
			children = (
				42DD57A61A1C666900D79CF8 /* Info.plist */,
			);
			name = "Supporting Files";
			sourceTree = "<group>";
		};
/* End PBXGroup section */

/* Begin PBXNativeTarget section */
		42DD57881A1C666900D79CF8 /* meet up */ = {
			isa = PBXNativeTarget;
			buildConfigurationList = 42DD57AB1A1C666900D79CF8 /* Build configuration list for PBXNativeTarget "meet up" */;
			buildPhases = (
				42DD57851A1C666900D79CF8 /* Sources */,
				42DD57861A1C666900D79CF8 /* Frameworks */,
				42DD57871A1C666900D79CF8 /* Resources */,
			);
			buildRules = (
			);
			dependencies = (
			);
			name = "meet up";
			productName = "meet up";
			productReference = 42DD57891A1C666900D79CF8 /* meet up.app */;
			productType = "com.apple.product-type.application";
		};
		42DD57A01A1C666900D79CF8 /* meet upTests */ = {
			isa = PBXNativeTarget;
			buildConfigurationList = 42DD57AE1A1C666900D79CF8 /* Build configuration list for PBXNativeTarget "meet upTests" */;
			buildPhases = (
				42DD579D1A1C666900D79CF8 /* Sources */,
				42DD579E1A1C666900D79CF8 /* Frameworks */,
				42DD579F1A1C666900D79CF8 /* Resources */,
			);
			buildRules = (
			);
			dependencies = (
				42DD57A31A1C666900D79CF8 /* PBXTargetDependency */,
			);
			name = "meet upTests";
			productName = "meet upTests";
			productReference = 42DD57A11A1C666900D79CF8 /* meet upTests.xctest */;
			productType = "com.apple.product-type.bundle.unit-test";
		};
/* End PBXNativeTarget section */

/* Begin PBXProject section */
		42DD57811A1C666900D79CF8 /* Project object */ = {
			isa = PBXProject;
			attributes = {
				LastUpgradeCheck = 0610;
				ORGANIZATIONNAME = "Kedan Li";
				TargetAttributes = {
					42DD57881A1C666900D79CF8 = {
						CreatedOnToolsVersion = 6.1.1;
					};
					42DD57A01A1C666900D79CF8 = {
						CreatedOnToolsVersion = 6.1.1;
						TestTargetID = 42DD57881A1C666900D79CF8;
					};
				};
			};
			buildConfigurationList = 42DD57841A1C666900D79CF8 /* Build configuration list for PBXProject "meet up" */;
			compatibilityVersion = "Xcode 3.2";
			developmentRegion = English;
			hasScannedForEncodings = 0;
			knownRegions = (
				en,
				Base,
				he,
			);
			mainGroup = 42DD57801A1C666900D79CF8;
			productRefGroup = 42DD578A1A1C666900D79CF8 /* Products */;
			projectDirPath = "";
			projectRoot = "";
			targets = (
				42DD57881A1C666900D79CF8 /* meet up */,
				42DD57A01A1C666900D79CF8 /* meet upTests */,
			);
		};
/* End PBXProject section */

/* Begin PBXResourcesBuildPhase section */
		42DD57871A1C666900D79CF8 /* Resources */ = {
			isa = PBXResourcesBuildPhase;
			buildActionMask = 2147483647;
			files = (
				42DD57C01A1C676300D79CF8 /* Main.storyboard in Resources */,
				42DD579C1A1C666900D79CF8 /* LaunchScreen.xib in Resources */,
				42DD57991A1C666900D79CF8 /* Images.xcassets in Resources */,
			);
			runOnlyForDeploymentPostprocessing = 0;
		};
		42DD579F1A1C666900D79CF8 /* Resources */ = {
			isa = PBXResourcesBuildPhase;
			buildActionMask = 2147483647;
			files = (
			);
			runOnlyForDeploymentPostprocessing = 0;
		};
/* End PBXResourcesBuildPhase section */

/* Begin PBXSourcesBuildPhase section */
		42DD57851A1C666900D79CF8 /* Sources */ = {
			isa = PBXSourcesBuildPhase;
			buildActionMask = 2147483647;
			files = (
				42DD57941A1C666900D79CF8 /* ViewController.swift in Sources */,
				42DD578F1A1C666900D79CF8 /* AppDelegate.swift in Sources */,
				42DD57B91A1C66D600D79CF8 /* PostViewController.swift in Sources */,
				42DD57B61A1C66D600D79CF8 /* ChatsViewController.swift in Sources */,
				42DD57BA1A1C66D600D79CF8 /* SelfViewController.swift in Sources */,
				42DD57B71A1C66D600D79CF8 /* LoginViewController.swift in Sources */,
				42DD57921A1C666900D79CF8 /* meet_up.xcdatamodeld in Sources */,
				42DD57BE1A1C66E900D79CF8 /* Reachability.m in Sources */,
				42DD57B81A1C66D600D79CF8 /* PeopleViewController.swift in Sources */,
			);
			runOnlyForDeploymentPostprocessing = 0;
		};
		42DD579D1A1C666900D79CF8 /* Sources */ = {
			isa = PBXSourcesBuildPhase;
			buildActionMask = 2147483647;
			files = (
				42DD57A81A1C666900D79CF8 /* meet_upTests.swift in Sources */,
			);
			runOnlyForDeploymentPostprocessing = 0;
		};
/* End PBXSourcesBuildPhase section */

/* Begin PBXTargetDependency section */
		42DD57A31A1C666900D79CF8 /* PBXTargetDependency */ = {
			isa = PBXTargetDependency;
			target = 42DD57881A1C666900D79CF8 /* meet up */;
			targetProxy = 42DD57A21A1C666900D79CF8 /* PBXContainerItemProxy */;
		};
/* End PBXTargetDependency section */

/* Begin PBXVariantGroup section */
		42DD579A1A1C666900D79CF8 /* LaunchScreen.xib */ = {
			isa = PBXVariantGroup;
			children = (
				42DD579B1A1C666900D79CF8 /* Base */,
			);
			name = LaunchScreen.xib;
			sourceTree = "<group>";
		};
/* End PBXVariantGroup section */

/* Begin XCBuildConfiguration section */
		42DD57A91A1C666900D79CF8 /* Debug */ = {
			isa = XCBuildConfiguration;
			buildSettings = {
				ALWAYS_SEARCH_USER_PATHS = NO;
				CLANG_CXX_LANGUAGE_STANDARD = "gnu++0x";
				CLANG_CXX_LIBRARY = "libc++";
				CLANG_ENABLE_MODULES = YES;
				CLANG_ENABLE_OBJC_ARC = YES;
				CLANG_WARN_BOOL_CONVERSION = YES;
				CLANG_WARN_CONSTANT_CONVERSION = YES;
				CLANG_WARN_DIRECT_OBJC_ISA_USAGE = YES_ERROR;
				CLANG_WARN_EMPTY_BODY = YES;
				CLANG_WARN_ENUM_CONVERSION = YES;
				CLANG_WARN_INT_CONVERSION = YES;
				CLANG_WARN_OBJC_ROOT_CLASS = YES_ERROR;
				CLANG_WARN_UNREACHABLE_CODE = YES;
				CLANG_WARN__DUPLICATE_METHOD_MATCH = YES;
				"CODE_SIGN_IDENTITY[sdk=iphoneos*]" = "iPhone Developer";
				COPY_PHASE_STRIP = NO;
				ENABLE_STRICT_OBJC_MSGSEND = YES;
				GCC_C_LANGUAGE_STANDARD = gnu99;
				GCC_DYNAMIC_NO_PIC = NO;
				GCC_OPTIMIZATION_LEVEL = 0;
				GCC_PREPROCESSOR_DEFINITIONS = (
					"DEBUG=1",
					"$(inherited)",
				);
				GCC_SYMBOLS_PRIVATE_EXTERN = NO;
				GCC_WARN_64_TO_32_BIT_CONVERSION = YES;
				GCC_WARN_ABOUT_RETURN_TYPE = YES_ERROR;
				GCC_WARN_UNDECLARED_SELECTOR = YES;
				GCC_WARN_UNINITIALIZED_AUTOS = YES_AGGRESSIVE;
				GCC_WARN_UNUSED_FUNCTION = YES;
				GCC_WARN_UNUSED_VARIABLE = YES;
				IPHONEOS_DEPLOYMENT_TARGET = 8.1;
				MTL_ENABLE_DEBUG_INFO = YES;
				ONLY_ACTIVE_ARCH = YES;
				SDKROOT = iphoneos;
				SWIFT_OPTIMIZATION_LEVEL = "-Onone";
			};
			name = Debug;
		};
		42DD57AA1A1C666900D79CF8 /* Release */ = {
			isa = XCBuildConfiguration;
			buildSettings = {
				ALWAYS_SEARCH_USER_PATHS = NO;
				CLANG_CXX_LANGUAGE_STANDARD = "gnu++0x";
				CLANG_CXX_LIBRARY = "libc++";
				CLANG_ENABLE_MODULES = YES;
				CLANG_ENABLE_OBJC_ARC = YES;
				CLANG_WARN_BOOL_CONVERSION = YES;
				CLANG_WARN_CONSTANT_CONVERSION = YES;
				CLANG_WARN_DIRECT_OBJC_ISA_USAGE = YES_ERROR;
				CLANG_WARN_EMPTY_BODY = YES;
				CLANG_WARN_ENUM_CONVERSION = YES;
				CLANG_WARN_INT_CONVERSION = YES;
				CLANG_WARN_OBJC_ROOT_CLASS = YES_ERROR;
				CLANG_WARN_UNREACHABLE_CODE = YES;
				CLANG_WARN__DUPLICATE_METHOD_MATCH = YES;
				"CODE_SIGN_IDENTITY[sdk=iphoneos*]" = "iPhone Developer";
				COPY_PHASE_STRIP = YES;
				ENABLE_NS_ASSERTIONS = NO;
				ENABLE_STRICT_OBJC_MSGSEND = YES;
				GCC_C_LANGUAGE_STANDARD = gnu99;
				GCC_WARN_64_TO_32_BIT_CONVERSION = YES;
				GCC_WARN_ABOUT_RETURN_TYPE = YES_ERROR;
				GCC_WARN_UNDECLARED_SELECTOR = YES;
				GCC_WARN_UNINITIALIZED_AUTOS = YES_AGGRESSIVE;
				GCC_WARN_UNUSED_FUNCTION = YES;
				GCC_WARN_UNUSED_VARIABLE = YES;
				IPHONEOS_DEPLOYMENT_TARGET = 8.1;
				MTL_ENABLE_DEBUG_INFO = NO;
				SDKROOT = iphoneos;
				VALIDATE_PRODUCT = YES;
			};
			name = Release;
		};
		42DD57AC1A1C666900D79CF8 /* Debug */ = {
			isa = XCBuildConfiguration;
			buildSettings = {
				ASSETCATALOG_COMPILER_APPICON_NAME = AppIcon;
				CLANG_ENABLE_MODULES = YES;
				FRAMEWORK_SEARCH_PATHS = (
					"$(inherited)",
					"$(PROJECT_DIR)/FacebookSDK",
					"$(PROJECT_DIR)/FacebookSDK/FBAudienceNetwork",
				);
				INFOPLIST_FILE = "meet up/Info.plist";
				LD_RUNPATH_SEARCH_PATHS = "$(inherited) @executable_path/Frameworks";
				LIBRARY_SEARCH_PATHS = (
					"$(inherited)",
					"$(SDKROOT)/usr/lib/system",
				);
				ONLY_ACTIVE_ARCH = NO;
				OTHER_LDFLAGS = "";
				PRODUCT_NAME = "$(TARGET_NAME)";
				SWIFT_OBJC_BRIDGING_HEADER = "meet up/meet up-Bridging-Header.h";
				SWIFT_OPTIMIZATION_LEVEL = "-Onone";
			};
			name = Debug;
		};
		42DD57AD1A1C666900D79CF8 /* Release */ = {
			isa = XCBuildConfiguration;
			buildSettings = {
				ASSETCATALOG_COMPILER_APPICON_NAME = AppIcon;
				CLANG_ENABLE_MODULES = YES;
				FRAMEWORK_SEARCH_PATHS = (
					"$(inherited)",
					"$(PROJECT_DIR)/FacebookSDK",
					"$(PROJECT_DIR)/FacebookSDK/FBAudienceNetwork",
				);
				INFOPLIST_FILE = "meet up/Info.plist";
				LD_RUNPATH_SEARCH_PATHS = "$(inherited) @executable_path/Frameworks";
				LIBRARY_SEARCH_PATHS = (
					"$(inherited)",
					"$(SDKROOT)/usr/lib/system",
				);
				ONLY_ACTIVE_ARCH = NO;
				OTHER_LDFLAGS = "";
				PRODUCT_NAME = "$(TARGET_NAME)";
				SWIFT_OBJC_BRIDGING_HEADER = "meet up/meet up-Bridging-Header.h";
			};
			name = Release;
		};
		42DD57AF1A1C666900D79CF8 /* Debug */ = {
			isa = XCBuildConfiguration;
			buildSettings = {
				BUNDLE_LOADER = "$(TEST_HOST)";
				FRAMEWORK_SEARCH_PATHS = (
					"$(SDKROOT)/Developer/Library/Frameworks",
					"$(inherited)",
				);
				GCC_PREPROCESSOR_DEFINITIONS = (
					"DEBUG=1",
					"$(inherited)",
				);
				INFOPLIST_FILE = "meet upTests/Info.plist";
				LD_RUNPATH_SEARCH_PATHS = "$(inherited) @executable_path/Frameworks @loader_path/Frameworks";
				PRODUCT_NAME = "$(TARGET_NAME)";
				TEST_HOST = "$(BUILT_PRODUCTS_DIR)/meet up.app/meet up";
			};
			name = Debug;
		};
		42DD57B01A1C666900D79CF8 /* Release */ = {
			isa = XCBuildConfiguration;
			buildSettings = {
				BUNDLE_LOADER = "$(TEST_HOST)";
				FRAMEWORK_SEARCH_PATHS = (
					"$(SDKROOT)/Developer/Library/Frameworks",
					"$(inherited)",
				);
				INFOPLIST_FILE = "meet upTests/Info.plist";
				LD_RUNPATH_SEARCH_PATHS = "$(inherited) @executable_path/Frameworks @loader_path/Frameworks";
				PRODUCT_NAME = "$(TARGET_NAME)";
				TEST_HOST = "$(BUILT_PRODUCTS_DIR)/meet up.app/meet up";
			};
			name = Release;
		};
/* End XCBuildConfiguration section */

/* Begin XCConfigurationList section */
		42DD57841A1C666900D79CF8 /* Build configuration list for PBXProject "meet up" */ = {
			isa = XCConfigurationList;
			buildConfigurations = (
				42DD57A91A1C666900D79CF8 /* Debug */,
				42DD57AA1A1C666900D79CF8 /* Release */,
			);
			defaultConfigurationIsVisible = 0;
			defaultConfigurationName = Release;
		};
		42DD57AB1A1C666900D79CF8 /* Build configuration list for PBXNativeTarget "meet up" */ = {
			isa = XCConfigurationList;
			buildConfigurations = (
				42DD57AC1A1C666900D79CF8 /* Debug */,
				42DD57AD1A1C666900D79CF8 /* Release */,
			);
			defaultConfigurationIsVisible = 0;
			defaultConfigurationName = Release;
		};
		42DD57AE1A1C666900D79CF8 /* Build configuration list for PBXNativeTarget "meet upTests" */ = {
			isa = XCConfigurationList;
			buildConfigurations = (
				42DD57AF1A1C666900D79CF8 /* Debug */,
				42DD57B01A1C666900D79CF8 /* Release */,
			);
			defaultConfigurationIsVisible = 0;
			defaultConfigurationName = Release;
		};
/* End XCConfigurationList section */

/* Begin XCVersionGroup section */
		42DD57901A1C666900D79CF8 /* meet_up.xcdatamodeld */ = {
			isa = XCVersionGroup;
			children = (
				42DD57911A1C666900D79CF8 /* meet_up.xcdatamodel */,
			);
			currentVersion = 42DD57911A1C666900D79CF8 /* meet_up.xcdatamodel */;
			path = meet_up.xcdatamodeld;
			sourceTree = "<group>";
			versionGroupType = wrapper.xcdatamodel;
		};
/* End XCVersionGroup section */
	};
	rootObject = 42DD57811A1C666900D79CF8 /* Project object */;
}
